
Microsoft Visual Studio Solution File, Format Version 12.00
# Visual Studio Version 17
VisualStudioVersion = 17.0.31903.59
MinimumVisualStudioVersion = 10.0.40219.1
Project("{FAE04EC0-301F-11D3-BF4B-00C04F79EFBC}") = "API", "API\API.csproj", "{77840470-80C5-4D13-A2D0-76F6711ED594}"
EndProject
Project("{FAE04EC0-301F-11D3-BF4B-00C04F79EFBC}") = "Application", "Application\Application.csproj", "{7771145E-06D0-4166-BD4B-34C390CC0A09}"
EndProject
Project("{FAE04EC0-301F-11D3-BF4B-00C04F79EFBC}") = "Domain", "Domain\Domain.csproj", "{DBA389B0-BF40-411E-BA10-4CA6BA5C7520}"
EndProject
Project("{FAE04EC0-301F-11D3-BF4B-00C04F79EFBC}") = "Persistence", "Persistence\Persistence.csproj", "{507AE010-B1DA-4897-BE90-3189A8D2D350}"
EndProject
Global
	GlobalSection(SolutionConfigurationPlatforms) = preSolution
		Debug|Any CPU = Debug|Any CPU
		Debug|x64 = Debug|x64
		Debug|x86 = Debug|x86
		Release|Any CPU = Release|Any CPU
		Release|x64 = Release|x64
		Release|x86 = Release|x86
	EndGlobalSection
	GlobalSection(ProjectConfigurationPlatforms) = postSolution
		{77840470-80C5-4D13-A2D0-76F6711ED594}.Debug|Any CPU.ActiveCfg = Debug|Any CPU
		{77840470-80C5-4D13-A2D0-76F6711ED594}.Debug|Any CPU.Build.0 = Debug|Any CPU
		{77840470-80C5-4D13-A2D0-76F6711ED594}.Debug|x64.ActiveCfg = Debug|Any CPU
		{77840470-80C5-4D13-A2D0-76F6711ED594}.Debug|x64.Build.0 = Debug|Any CPU
		{77840470-80C5-4D13-A2D0-76F6711ED594}.Debug|x86.ActiveCfg = Debug|Any CPU
		{77840470-80C5-4D13-A2D0-76F6711ED594}.Debug|x86.Build.0 = Debug|Any CPU
		{77840470-80C5-4D13-A2D0-76F6711ED594}.Release|Any CPU.ActiveCfg = Release|Any CPU
		{77840470-80C5-4D13-A2D0-76F6711ED594}.Release|Any CPU.Build.0 = Release|Any CPU
		{77840470-80C5-4D13-A2D0-76F6711ED594}.Release|x64.ActiveCfg = Release|Any CPU
		{77840470-80C5-4D13-A2D0-76F6711ED594}.Release|x64.Build.0 = Release|Any CPU
		{77840470-80C5-4D13-A2D0-76F6711ED594}.Release|x86.ActiveCfg = Release|Any CPU
		{77840470-80C5-4D13-A2D0-76F6711ED594}.Release|x86.Build.0 = Release|Any CPU
		{7771145E-06D0-4166-BD4B-34C390CC0A09}.Debug|Any CPU.ActiveCfg = Debug|Any CPU
		{7771145E-06D0-4166-BD4B-34C390CC0A09}.Debug|Any CPU.Build.0 = Debug|Any CPU
		{7771145E-06D0-4166-BD4B-34C390CC0A09}.Debug|x64.ActiveCfg = Debug|Any CPU
		{7771145E-06D0-4166-BD4B-34C390CC0A09}.Debug|x64.Build.0 = Debug|Any CPU
		{7771145E-06D0-4166-BD4B-34C390CC0A09}.Debug|x86.ActiveCfg = Debug|Any CPU
		{7771145E-06D0-4166-BD4B-34C390CC0A09}.Debug|x86.Build.0 = Debug|Any CPU
		{7771145E-06D0-4166-BD4B-34C390CC0A09}.Release|Any CPU.ActiveCfg = Release|Any CPU
		{7771145E-06D0-4166-BD4B-34C390CC0A09}.Release|Any CPU.Build.0 = Release|Any CPU
		{7771145E-06D0-4166-BD4B-34C390CC0A09}.Release|x64.ActiveCfg = Release|Any CPU
		{7771145E-06D0-4166-BD4B-34C390CC0A09}.Release|x64.Build.0 = Release|Any CPU
		{7771145E-06D0-4166-BD4B-34C390CC0A09}.Release|x86.ActiveCfg = Release|Any CPU
		{7771145E-06D0-4166-BD4B-34C390CC0A09}.Release|x86.Build.0 = Release|Any CPU
		{DBA389B0-BF40-411E-BA10-4CA6BA5C7520}.Debug|Any CPU.ActiveCfg = Debug|Any CPU
		{DBA389B0-BF40-411E-BA10-4CA6BA5C7520}.Debug|Any CPU.Build.0 = Debug|Any CPU
		{DBA389B0-BF40-411E-BA10-4CA6BA5C7520}.Debug|x64.ActiveCfg = Debug|Any CPU
		{DBA389B0-BF40-411E-BA10-4CA6BA5C7520}.Debug|x64.Build.0 = Debug|Any CPU
		{DBA389B0-BF40-411E-BA10-4CA6BA5C7520}.Debug|x86.ActiveCfg = Debug|Any CPU
		{DBA389B0-BF40-411E-BA10-4CA6BA5C7520}.Debug|x86.Build.0 = Debug|Any CPU
		{DBA389B0-BF40-411E-BA10-4CA6BA5C7520}.Release|Any CPU.ActiveCfg = Release|Any CPU
		{DBA389B0-BF40-411E-BA10-4CA6BA5C7520}.Release|Any CPU.Build.0 = Release|Any CPU
		{DBA389B0-BF40-411E-BA10-4CA6BA5C7520}.Release|x64.ActiveCfg = Release|Any CPU
		{DBA389B0-BF40-411E-BA10-4CA6BA5C7520}.Release|x64.Build.0 = Release|Any CPU
		{DBA389B0-BF40-411E-BA10-4CA6BA5C7520}.Release|x86.ActiveCfg = Release|Any CPU
		{DBA389B0-BF40-411E-BA10-4CA6BA5C7520}.Release|x86.Build.0 = Release|Any CPU
		{507AE010-B1DA-4897-BE90-3189A8D2D350}.Debug|Any CPU.ActiveCfg = Debug|Any CPU
		{507AE010-B1DA-4897-BE90-3189A8D2D350}.Debug|Any CPU.Build.0 = Debug|Any CPU
		{507AE010-B1DA-4897-BE90-3189A8D2D350}.Debug|x64.ActiveCfg = Debug|Any CPU
		{507AE010-B1DA-4897-BE90-3189A8D2D350}.Debug|x64.Build.0 = Debug|Any CPU
		{507AE010-B1DA-4897-BE90-3189A8D2D350}.Debug|x86.ActiveCfg = Debug|Any CPU
		{507AE010-B1DA-4897-BE90-3189A8D2D350}.Debug|x86.Build.0 = Debug|Any CPU
		{507AE010-B1DA-4897-BE90-3189A8D2D350}.Release|Any CPU.ActiveCfg = Release|Any CPU
		{507AE010-B1DA-4897-BE90-3189A8D2D350}.Release|Any CPU.Build.0 = Release|Any CPU
		{507AE010-B1DA-4897-BE90-3189A8D2D350}.Release|x64.ActiveCfg = Release|Any CPU
		{507AE010-B1DA-4897-BE90-3189A8D2D350}.Release|x64.Build.0 = Release|Any CPU
		{507AE010-B1DA-4897-BE90-3189A8D2D350}.Release|x86.ActiveCfg = Release|Any CPU
		{507AE010-B1DA-4897-BE90-3189A8D2D350}.Release|x86.Build.0 = Release|Any CPU
	EndGlobalSection
	GlobalSection(SolutionProperties) = preSolution
		HideSolutionNode = FALSE
	EndGlobalSection
EndGlobal
